{
    "name": "time-played",
    "version": "0.0.1",
    "lockfileVersion": 1,
    "requires": true,
    "dependencies": {
        "@types/flashpoint-launcher": {
            "version": "9.1.0",
            "resolved": "https://registry.npmjs.org/@types/flashpoint-launcher/-/flashpoint-launcher-9.1.0.tgz",
            "integrity": "sha512-cOe0J003Cv4k6Qnet3LKp9PW2jpRoeQajfYUNwgg3t6SRPKVP44tDAMf/jEX/51J6SuzQvyxDgAYabUo6c86uQ=="
        },
        "@types/node": {
            "version": "14.14.37",
            "resolved": "https://registry.npmjs.org/@types/node/-/node-14.14.37.tgz",
            "integrity": "sha512-XYmBiy+ohOR4Lh5jE379fV2IU+6Jn4g5qASinhitfyO71b/sCo6MKsMLF5tc7Zf2CE8hViVQyYSobJNke8OvUw=="
        },
        "reflect-metadata": {
            "version": "0.1.13",
            "resolved": "https://registry.npmjs.org/reflect-metadata/-/reflect-metadata-0.1.13.tgz",
            "integrity": "sha512-Ts1Y/anZELhSsjMcU605fU9RE4Oi3p5ORujwbIKXfWa+0Zxs510Qrmrce5/Jowq3cHSZSJqBjypxmHarc+vEWg=="
        },
        "rxjs": {
            "version": "6.6.7",
            "resolved": "https://registry.npmjs.org/rxjs/-/rxjs-6.6.7.tgz",
            "integrity": "sha512-hTdwr+7yYNIT5n4AMYp85KA6yw2Va0FLa3Rguvbpa4W3I5xynaBZo41cM3XM+4Q6fRMj3sBYIR1VAmZMXYJvRQ==",
            "requires": {
                "tslib": "^1.9.0"
            },
            "dependencies": {
                "tslib": {
                    "version": "1.14.1",
                    "resolved": "https://registry.npmjs.org/tslib/-/tslib-1.14.1.tgz",
                    "integrity": "sha512-Xni35NKzjgMrwevysHTCArtLDpPvye8zV/0E4EyYn43P7/7qvQwPh9BGkHewbMulVntbigmcT7rdX3BNo9wRJg=="
                }
            }
        },
        "tslib": {
            "version": "2.1.0",
            "resolved": "https://registry.npmjs.org/tslib/-/tslib-2.1.0.tgz",
            "integrity": "sha512-hcVC3wYEziELGGmEEXue7D75zbwIIVUMWAVbHItGPx0ziyXxrOMQx4rQEVEV45Ut/1IotuEvwqPopzIOkDMf0A=="
        },
        "typedjson": {
            "version": "1.7.0",
            "resolved": "https://registry.npmjs.org/typedjson/-/typedjson-1.7.0.tgz",
            "integrity": "sha512-MnRgQLwtEcdHqQG0FkT8ebpBG53Wgr/axYRbiD2WL5NcYx8Z2AoCpXvtTfLnuPqOBKG/9JpXq0O/nl2m4wqJYw==",
            "requires": {
                "tslib": "^2.0.1"
            }
        },
        "typescript": {
            "version": "4.2.3",
            "resolved": "https://registry.npmjs.org/typescript/-/typescript-4.2.3.tgz",
            "integrity": "sha512-qOcYwxaByStAWrBf4x0fibwZvMRG+r4cQoTjbPtUlrWjBHbmCAww1i448U0GJ+3cNNEtebDteo/cHOR3xJ4wEw==",
            "dev": true
        }
    }
}
